
Microsoft Visual Studio Solution File, Format Version 12.00
# Visual Studio 15
VisualStudioVersion = 15.0.27130.2024
MinimumVisualStudioVersion = 10.0.40219.1
Project("{2150E333-8FDC-42A3-9474-1A3956D46DE8}") = "00.Solution Items", "00.Solution Items", "{9DEB6CED-458E-4669-83FE-271613807AC2}"
	ProjectSection(SolutionItems) = preProject
		.gitignore = .gitignore
		LICENSE = LICENSE
		README.md = README.md
	EndProjectSection
EndProject
Project("{FAE04EC0-301F-11D3-BF4B-00C04F79EFBC}") = "SpearPay", "src\SpearPay\SpearPay.csproj", "{CB8F1296-E3C9-4A1C-915D-D583A0ED513F}"
EndProject
Project("{2150E333-8FDC-42A3-9474-1A3956D46DE8}") = "01.Platforms", "01.Platforms", "{C5FDB4C7-B264-43ED-9000-97B5DF8CD732}"
EndProject
Project("{2150E333-8FDC-42A3-9474-1A3956D46DE8}") = "99.Tests", "99.Tests", "{26A98873-9EAC-4585-BB9A-B4BF57E8FCD8}"
EndProject
Project("{FAE04EC0-301F-11D3-BF4B-00C04F79EFBC}") = "SpearPay.Alipay", "src\SpearPay.Alipay\SpearPay.Alipay.csproj", "{5750A9F0-C8A3-42C4-B80B-3B28359EABBB}"
EndProject
Project("{FAE04EC0-301F-11D3-BF4B-00C04F79EFBC}") = "SpearPay.WechatPay", "src\SpearPay.WechatPay\SpearPay.WechatPay.csproj", "{A7702B72-9DDD-456B-BAA4-660F71F3F16D}"
EndProject
Project("{FAE04EC0-301F-11D3-BF4B-00C04F79EFBC}") = "SpearPay.UnionPay", "src\SpearPay.UnionPay\SpearPay.UnionPay.csproj", "{427681E8-C8C1-4F5F-A54C-993B3EAE903A}"
EndProject
Project("{FAE04EC0-301F-11D3-BF4B-00C04F79EFBC}") = "SpearPay.Tests", "tests\SpearPay.Tests\SpearPay.Tests.csproj", "{ABEDC175-0D86-4788-B1B0-2AE9E98DC152}"
EndProject
Global
	GlobalSection(SolutionConfigurationPlatforms) = preSolution
		Debug|Any CPU = Debug|Any CPU
		Release|Any CPU = Release|Any CPU
	EndGlobalSection
	GlobalSection(ProjectConfigurationPlatforms) = postSolution
		{CB8F1296-E3C9-4A1C-915D-D583A0ED513F}.Debug|Any CPU.ActiveCfg = Debug|Any CPU
		{CB8F1296-E3C9-4A1C-915D-D583A0ED513F}.Debug|Any CPU.Build.0 = Debug|Any CPU
		{CB8F1296-E3C9-4A1C-915D-D583A0ED513F}.Release|Any CPU.ActiveCfg = Release|Any CPU
		{CB8F1296-E3C9-4A1C-915D-D583A0ED513F}.Release|Any CPU.Build.0 = Release|Any CPU
		{5750A9F0-C8A3-42C4-B80B-3B28359EABBB}.Debug|Any CPU.ActiveCfg = Debug|Any CPU
		{5750A9F0-C8A3-42C4-B80B-3B28359EABBB}.Debug|Any CPU.Build.0 = Debug|Any CPU
		{5750A9F0-C8A3-42C4-B80B-3B28359EABBB}.Release|Any CPU.ActiveCfg = Release|Any CPU
		{5750A9F0-C8A3-42C4-B80B-3B28359EABBB}.Release|Any CPU.Build.0 = Release|Any CPU
		{A7702B72-9DDD-456B-BAA4-660F71F3F16D}.Debug|Any CPU.ActiveCfg = Debug|Any CPU
		{A7702B72-9DDD-456B-BAA4-660F71F3F16D}.Debug|Any CPU.Build.0 = Debug|Any CPU
		{A7702B72-9DDD-456B-BAA4-660F71F3F16D}.Release|Any CPU.ActiveCfg = Release|Any CPU
		{A7702B72-9DDD-456B-BAA4-660F71F3F16D}.Release|Any CPU.Build.0 = Release|Any CPU
		{427681E8-C8C1-4F5F-A54C-993B3EAE903A}.Debug|Any CPU.ActiveCfg = Debug|Any CPU
		{427681E8-C8C1-4F5F-A54C-993B3EAE903A}.Debug|Any CPU.Build.0 = Debug|Any CPU
		{427681E8-C8C1-4F5F-A54C-993B3EAE903A}.Release|Any CPU.ActiveCfg = Release|Any CPU
		{427681E8-C8C1-4F5F-A54C-993B3EAE903A}.Release|Any CPU.Build.0 = Release|Any CPU
		{ABEDC175-0D86-4788-B1B0-2AE9E98DC152}.Debug|Any CPU.ActiveCfg = Debug|Any CPU
		{ABEDC175-0D86-4788-B1B0-2AE9E98DC152}.Debug|Any CPU.Build.0 = Debug|Any CPU
		{ABEDC175-0D86-4788-B1B0-2AE9E98DC152}.Release|Any CPU.ActiveCfg = Release|Any CPU
		{ABEDC175-0D86-4788-B1B0-2AE9E98DC152}.Release|Any CPU.Build.0 = Release|Any CPU
	EndGlobalSection
	GlobalSection(SolutionProperties) = preSolution
		HideSolutionNode = FALSE
	EndGlobalSection
	GlobalSection(NestedProjects) = preSolution
		{5750A9F0-C8A3-42C4-B80B-3B28359EABBB} = {C5FDB4C7-B264-43ED-9000-97B5DF8CD732}
		{A7702B72-9DDD-456B-BAA4-660F71F3F16D} = {C5FDB4C7-B264-43ED-9000-97B5DF8CD732}
		{427681E8-C8C1-4F5F-A54C-993B3EAE903A} = {C5FDB4C7-B264-43ED-9000-97B5DF8CD732}
		{ABEDC175-0D86-4788-B1B0-2AE9E98DC152} = {26A98873-9EAC-4585-BB9A-B4BF57E8FCD8}
	EndGlobalSection
	GlobalSection(ExtensibilityGlobals) = postSolution
		SolutionGuid = {97E6EFD0-86FA-4B3B-928B-61505F209AA7}
	EndGlobalSection
EndGlobal
